hash: db830effffade07f135b22a69cc3cb4ae370f967a3ea67b0ce4cec276791f3da
updated: 2017-10-08T14:48:35.085578723+02:00
imports:
- name: github.com/armon/go-metrics
  version: f036747b9d0e8590f175a5d654a2194a7d9df4b5
- name: github.com/dimfeld/httppath
  version: ee938bf735983d53694d79138ad9820efff94c92
- name: github.com/dimfeld/httptreemux
  version: f8d6d78a3e093c21a8b12df8e498df5458024086
- name: github.com/goadesign/goa
  version: 58f3177f36f2c50ee6119da92795e48bac6d6243
  subpackages:
  - client
  - cors
  - design
  - design/apidsl
  - dslengine
  - goatest
  - logging/logrus
  - middleware
  - uuid
- name: github.com/inconshreveable/mousetrap
  version: 76626ae9c91c4f2a10f34cad8ce83ea42c93bb75
- name: github.com/manveru/faker
  version: 717f7cf83fb78669bfab612749c2e8ff63d5be11
- name: github.com/rs/cors
  version: 7af7a1e09ba336d2ea14b1ce73bf693c6837dbf6
- name: github.com/satori/go.uuid
  version: 5bf94b69c6b68ee1b541973bb8e1144db23a194b
- name: github.com/Sirupsen/logrus
  version: 89742aefa4b206dcf400792f3bd35b542998eb3b
- name: github.com/sirupsen/logrus
  version: f006c2ac4710855cf0f916dd6b77acf6b048dc6e
- name: github.com/spf13/cobra
  version: 83b1f039622680cde7a373eb1f85e10db8506673
- name: github.com/spf13/pflag
  version: 2c300e72a98b4351617d9b927d2d2860ece8ee24
- name: github.com/zach-klippenstein/goregen
  version: 795b5e3961ea1912fde60af417ad85e86acc0d6a
- name: golang.org/x/crypto
  version: 9419663f5a44be8b34ca85f08abc5fe1be11f8a3
  subpackages:
  - ssh/terminal
- name: golang.org/x/net
  version: d4c55e66d8c3a2f3382d264b08e3e3454a66355a
  subpackages:
  - websocket
- name: golang.org/x/sys
  version: ebfc5b4631820b793c9010c87fd8fef0f39eb082
  subpackages:
  - unix
  - windows
testImports: []
